
Microsoft Visual Studio Solution File, Format Version 12.00
# Visual Studio 15
VisualStudioVersion = 15.0.26730.8
MinimumVisualStudioVersion = 10.0.40219.1
Project("{9A19103F-16F7-4668-BE54-9A1E7A4F7556}") = "WinApi", "WinApi\WinApi.csproj", "{5CAB397A-7683-47D9-8D79-395C7864AA59}"
EndProject
Project("{9A19103F-16F7-4668-BE54-9A1E7A4F7556}") = "WinApi.DxUtils", "WinApi.DxUtils\WinApi.DxUtils.csproj", "{4FBE4C13-3948-4F91-9D06-F9A2996FD5F1}"
EndProject
Project("{9A19103F-16F7-4668-BE54-9A1E7A4F7556}") = "WinApi.Utils", "WinApi.Utils\WinApi.Utils.csproj", "{4BC6CB3F-225B-498A-A76F-601DB63CB7F6}"
EndProject
Project("{9A19103F-16F7-4668-BE54-9A1E7A4F7556}") = "WinApi.Windows.Controls", "WinApi.Windows.Controls\WinApi.Windows.Controls.csproj", "{16E64DA9-3E5C-47C5-B917-F33051A0E2CD}"
EndProject
Project("{9A19103F-16F7-4668-BE54-9A1E7A4F7556}") = "WinApi.Desktop", "WinApi.Desktop\WinApi.Desktop.csproj", "{A01099B6-3321-49EC-A38A-316F8E32F66D}"
EndProject
Project("{2150E333-8FDC-42A3-9474-1A3956D46DE8}") = "Samples", "Samples", "{6A79058E-0BFB-4347-B961-311DFB6E954A}"
EndProject
Project("{FAE04EC0-301F-11D3-BF4B-00C04F79EFBC}") = "Sample.DirectX", "Samples\Sample.DirectX\Sample.DirectX.csproj", "{D829FA54-0380-43EF-9E49-73ADDB653019}"
EndProject
Project("{8BC9CEB8-8B4A-11D0-8D11-00A0C91BC942}") = "Sample.Native.Atl", "Samples\Sample.Native.Atl\Sample.Native.Atl.vcxproj", "{38474EC2-C374-455B-B343-BF90370C9660}"
EndProject
Project("{8BC9CEB8-8B4A-11D0-8D11-00A0C91BC942}") = "Sample.Native.Win32", "Samples\Sample.Native.Win32\Sample.Native.Win32.vcxproj", "{99B3F7F9-3A63-4CF1-B6A3-730359F6F799}"
EndProject
Project("{FAE04EC0-301F-11D3-BF4B-00C04F79EFBC}") = "Sample.OpenGL", "Samples\Sample.OpenGL\Sample.OpenGL.csproj", "{D58D8E28-296C-405A-B295-AD13C577D5AE}"
EndProject
Project("{FAE04EC0-301F-11D3-BF4B-00C04F79EFBC}") = "Sample.SimpleWindow", "Samples\Sample.SimpleWindow\Sample.SimpleWindow.csproj", "{3F1B11AE-9A3D-4523-91FC-7457CAD687AB}"
EndProject
Project("{FAE04EC0-301F-11D3-BF4B-00C04F79EFBC}") = "Sample.SimulateInput", "Samples\Sample.SimulateInput\Sample.SimulateInput.csproj", "{62B305BA-BD58-48D0-AD77-EF64F987CA5A}"
EndProject
Project("{FAE04EC0-301F-11D3-BF4B-00C04F79EFBC}") = "Sample.Skia", "Samples\Sample.Skia\Sample.Skia.csproj", "{5FF4BAC3-D221-4023-9EE9-51C1F5C85D50}"
EndProject
Project("{FAE04EC0-301F-11D3-BF4B-00C04F79EFBC}") = "Sample.Win32", "Samples\Sample.Win32\Sample.Win32.csproj", "{2F8DB172-D945-4551-B470-1835AB951EA3}"
EndProject
Project("{FAE04EC0-301F-11D3-BF4B-00C04F79EFBC}") = "WinApi.TestGround", "Samples\WinApi.TestGround\WinApi.TestGround.csproj", "{52271447-963C-4CCA-8495-875AA61125CE}"
EndProject
Project("{2150E333-8FDC-42A3-9474-1A3956D46DE8}") = "Misc", "Misc", "{65C7ACFB-9599-4024-B1DA-4468BEEDB5A1}"
	ProjectSection(SolutionItems) = preProject
		Misc\Logo.png = Misc\Logo.png
		Misc\Logo.svg = Misc\Logo.svg
	EndProjectSection
EndProject
Project("{2150E333-8FDC-42A3-9474-1A3956D46DE8}") = "Global Items", "Global Items", "{63111D9B-8FCD-423B-9389-16DAAFA7B49C}"
	ProjectSection(SolutionItems) = preProject
		.gitignore = .gitignore
		LICENSE.txt = LICENSE.txt
		README.md = README.md
	EndProjectSection
EndProject
Global
	GlobalSection(SolutionConfigurationPlatforms) = preSolution
		Debug|Any CPU = Debug|Any CPU
		Debug|x64 = Debug|x64
		Debug|x86 = Debug|x86
		Release|Any CPU = Release|Any CPU
		Release|x64 = Release|x64
		Release|x86 = Release|x86
	EndGlobalSection
	GlobalSection(ProjectConfigurationPlatforms) = postSolution
		{5CAB397A-7683-47D9-8D79-395C7864AA59}.Debug|Any CPU.ActiveCfg = Debug|Any CPU
		{5CAB397A-7683-47D9-8D79-395C7864AA59}.Debug|Any CPU.Build.0 = Debug|Any CPU
		{5CAB397A-7683-47D9-8D79-395C7864AA59}.Debug|x64.ActiveCfg = Debug|Any CPU
		{5CAB397A-7683-47D9-8D79-395C7864AA59}.Debug|x64.Build.0 = Debug|Any CPU
		{5CAB397A-7683-47D9-8D79-395C7864AA59}.Debug|x86.ActiveCfg = Debug|Any CPU
		{5CAB397A-7683-47D9-8D79-395C7864AA59}.Debug|x86.Build.0 = Debug|Any CPU
		{5CAB397A-7683-47D9-8D79-395C7864AA59}.Release|Any CPU.ActiveCfg = Release|Any CPU
		{5CAB397A-7683-47D9-8D79-395C7864AA59}.Release|Any CPU.Build.0 = Release|Any CPU
		{5CAB397A-7683-47D9-8D79-395C7864AA59}.Release|x64.ActiveCfg = Release|Any CPU
		{5CAB397A-7683-47D9-8D79-395C7864AA59}.Release|x64.Build.0 = Release|Any CPU
		{5CAB397A-7683-47D9-8D79-395C7864AA59}.Release|x86.ActiveCfg = Release|Any CPU
		{5CAB397A-7683-47D9-8D79-395C7864AA59}.Release|x86.Build.0 = Release|Any CPU
		{4FBE4C13-3948-4F91-9D06-F9A2996FD5F1}.Debug|Any CPU.ActiveCfg = Debug|Any CPU
		{4FBE4C13-3948-4F91-9D06-F9A2996FD5F1}.Debug|Any CPU.Build.0 = Debug|Any CPU
		{4FBE4C13-3948-4F91-9D06-F9A2996FD5F1}.Debug|x64.ActiveCfg = Debug|Any CPU
		{4FBE4C13-3948-4F91-9D06-F9A2996FD5F1}.Debug|x64.Build.0 = Debug|Any CPU
		{4FBE4C13-3948-4F91-9D06-F9A2996FD5F1}.Debug|x86.ActiveCfg = Debug|Any CPU
		{4FBE4C13-3948-4F91-9D06-F9A2996FD5F1}.Debug|x86.Build.0 = Debug|Any CPU
		{4FBE4C13-3948-4F91-9D06-F9A2996FD5F1}.Release|Any CPU.ActiveCfg = Release|Any CPU
		{4FBE4C13-3948-4F91-9D06-F9A2996FD5F1}.Release|Any CPU.Build.0 = Release|Any CPU
		{4FBE4C13-3948-4F91-9D06-F9A2996FD5F1}.Release|x64.ActiveCfg = Release|Any CPU
		{4FBE4C13-3948-4F91-9D06-F9A2996FD5F1}.Release|x64.Build.0 = Release|Any CPU
		{4FBE4C13-3948-4F91-9D06-F9A2996FD5F1}.Release|x86.ActiveCfg = Release|Any CPU
		{4FBE4C13-3948-4F91-9D06-F9A2996FD5F1}.Release|x86.Build.0 = Release|Any CPU
		{4BC6CB3F-225B-498A-A76F-601DB63CB7F6}.Debug|Any CPU.ActiveCfg = Debug|Any CPU
		{4BC6CB3F-225B-498A-A76F-601DB63CB7F6}.Debug|Any CPU.Build.0 = Debug|Any CPU
		{4BC6CB3F-225B-498A-A76F-601DB63CB7F6}.Debug|x64.ActiveCfg = Debug|Any CPU
		{4BC6CB3F-225B-498A-A76F-601DB63CB7F6}.Debug|x64.Build.0 = Debug|Any CPU
		{4BC6CB3F-225B-498A-A76F-601DB63CB7F6}.Debug|x86.ActiveCfg = Debug|Any CPU
		{4BC6CB3F-225B-498A-A76F-601DB63CB7F6}.Debug|x86.Build.0 = Debug|Any CPU
		{4BC6CB3F-225B-498A-A76F-601DB63CB7F6}.Release|Any CPU.ActiveCfg = Release|Any CPU
		{4BC6CB3F-225B-498A-A76F-601DB63CB7F6}.Release|Any CPU.Build.0 = Release|Any CPU
		{4BC6CB3F-225B-498A-A76F-601DB63CB7F6}.Release|x64.ActiveCfg = Release|Any CPU
		{4BC6CB3F-225B-498A-A76F-601DB63CB7F6}.Release|x64.Build.0 = Release|Any CPU
		{4BC6CB3F-225B-498A-A76F-601DB63CB7F6}.Release|x86.ActiveCfg = Release|Any CPU
		{4BC6CB3F-225B-498A-A76F-601DB63CB7F6}.Release|x86.Build.0 = Release|Any CPU
		{16E64DA9-3E5C-47C5-B917-F33051A0E2CD}.Debug|Any CPU.ActiveCfg = Debug|Any CPU
		{16E64DA9-3E5C-47C5-B917-F33051A0E2CD}.Debug|Any CPU.Build.0 = Debug|Any CPU
		{16E64DA9-3E5C-47C5-B917-F33051A0E2CD}.Debug|x64.ActiveCfg = Debug|Any CPU
		{16E64DA9-3E5C-47C5-B917-F33051A0E2CD}.Debug|x64.Build.0 = Debug|Any CPU
		{16E64DA9-3E5C-47C5-B917-F33051A0E2CD}.Debug|x86.ActiveCfg = Debug|Any CPU
		{16E64DA9-3E5C-47C5-B917-F33051A0E2CD}.Debug|x86.Build.0 = Debug|Any CPU
		{16E64DA9-3E5C-47C5-B917-F33051A0E2CD}.Release|Any CPU.ActiveCfg = Release|Any CPU
		{16E64DA9-3E5C-47C5-B917-F33051A0E2CD}.Release|Any CPU.Build.0 = Release|Any CPU
		{16E64DA9-3E5C-47C5-B917-F33051A0E2CD}.Release|x64.ActiveCfg = Release|Any CPU
		{16E64DA9-3E5C-47C5-B917-F33051A0E2CD}.Release|x64.Build.0 = Release|Any CPU
		{16E64DA9-3E5C-47C5-B917-F33051A0E2CD}.Release|x86.ActiveCfg = Release|Any CPU
		{16E64DA9-3E5C-47C5-B917-F33051A0E2CD}.Release|x86.Build.0 = Release|Any CPU
		{A01099B6-3321-49EC-A38A-316F8E32F66D}.Debug|Any CPU.ActiveCfg = Debug|Any CPU
		{A01099B6-3321-49EC-A38A-316F8E32F66D}.Debug|Any CPU.Build.0 = Debug|Any CPU
		{A01099B6-3321-49EC-A38A-316F8E32F66D}.Debug|x64.ActiveCfg = Debug|Any CPU
		{A01099B6-3321-49EC-A38A-316F8E32F66D}.Debug|x64.Build.0 = Debug|Any CPU
		{A01099B6-3321-49EC-A38A-316F8E32F66D}.Debug|x86.ActiveCfg = Debug|Any CPU
		{A01099B6-3321-49EC-A38A-316F8E32F66D}.Debug|x86.Build.0 = Debug|Any CPU
		{A01099B6-3321-49EC-A38A-316F8E32F66D}.Release|Any CPU.ActiveCfg = Release|Any CPU
		{A01099B6-3321-49EC-A38A-316F8E32F66D}.Release|Any CPU.Build.0 = Release|Any CPU
		{A01099B6-3321-49EC-A38A-316F8E32F66D}.Release|x64.ActiveCfg = Release|Any CPU
		{A01099B6-3321-49EC-A38A-316F8E32F66D}.Release|x64.Build.0 = Release|Any CPU
		{A01099B6-3321-49EC-A38A-316F8E32F66D}.Release|x86.ActiveCfg = Release|Any CPU
		{A01099B6-3321-49EC-A38A-316F8E32F66D}.Release|x86.Build.0 = Release|Any CPU
		{D829FA54-0380-43EF-9E49-73ADDB653019}.Debug|Any CPU.ActiveCfg = Debug|Any CPU
		{D829FA54-0380-43EF-9E49-73ADDB653019}.Debug|Any CPU.Build.0 = Debug|Any CPU
		{D829FA54-0380-43EF-9E49-73ADDB653019}.Debug|x64.ActiveCfg = Debug|x64
		{D829FA54-0380-43EF-9E49-73ADDB653019}.Debug|x64.Build.0 = Debug|x64
		{D829FA54-0380-43EF-9E49-73ADDB653019}.Debug|x86.ActiveCfg = Debug|x86
		{D829FA54-0380-43EF-9E49-73ADDB653019}.Debug|x86.Build.0 = Debug|x86
		{D829FA54-0380-43EF-9E49-73ADDB653019}.Release|Any CPU.ActiveCfg = Release|Any CPU
		{D829FA54-0380-43EF-9E49-73ADDB653019}.Release|Any CPU.Build.0 = Release|Any CPU
		{D829FA54-0380-43EF-9E49-73ADDB653019}.Release|x64.ActiveCfg = Release|x64
		{D829FA54-0380-43EF-9E49-73ADDB653019}.Release|x64.Build.0 = Release|x64
		{D829FA54-0380-43EF-9E49-73ADDB653019}.Release|x86.ActiveCfg = Release|x86
		{D829FA54-0380-43EF-9E49-73ADDB653019}.Release|x86.Build.0 = Release|x86
		{38474EC2-C374-455B-B343-BF90370C9660}.Debug|Any CPU.ActiveCfg = Debug|x64
		{38474EC2-C374-455B-B343-BF90370C9660}.Debug|x64.ActiveCfg = Debug|x64
		{38474EC2-C374-455B-B343-BF90370C9660}.Debug|x64.Build.0 = Debug|x64
		{38474EC2-C374-455B-B343-BF90370C9660}.Debug|x86.ActiveCfg = Debug|Win32
		{38474EC2-C374-455B-B343-BF90370C9660}.Debug|x86.Build.0 = Debug|Win32
		{38474EC2-C374-455B-B343-BF90370C9660}.Release|Any CPU.ActiveCfg = Release|Win32
		{38474EC2-C374-455B-B343-BF90370C9660}.Release|x64.ActiveCfg = Release|x64
		{38474EC2-C374-455B-B343-BF90370C9660}.Release|x64.Build.0 = Release|x64
		{38474EC2-C374-455B-B343-BF90370C9660}.Release|x86.ActiveCfg = Release|Win32
		{38474EC2-C374-455B-B343-BF90370C9660}.Release|x86.Build.0 = Release|Win32
		{99B3F7F9-3A63-4CF1-B6A3-730359F6F799}.Debug|Any CPU.ActiveCfg = Debug|x64
		{99B3F7F9-3A63-4CF1-B6A3-730359F6F799}.Debug|x64.ActiveCfg = Debug|x64
		{99B3F7F9-3A63-4CF1-B6A3-730359F6F799}.Debug|x64.Build.0 = Debug|x64
		{99B3F7F9-3A63-4CF1-B6A3-730359F6F799}.Debug|x86.ActiveCfg = Debug|Win32
		{99B3F7F9-3A63-4CF1-B6A3-730359F6F799}.Debug|x86.Build.0 = Debug|Win32
		{99B3F7F9-3A63-4CF1-B6A3-730359F6F799}.Release|Any CPU.ActiveCfg = Release|Win32
		{99B3F7F9-3A63-4CF1-B6A3-730359F6F799}.Release|x64.ActiveCfg = Release|x64
		{99B3F7F9-3A63-4CF1-B6A3-730359F6F799}.Release|x64.Build.0 = Release|x64
		{99B3F7F9-3A63-4CF1-B6A3-730359F6F799}.Release|x86.ActiveCfg = Release|Win32
		{99B3F7F9-3A63-4CF1-B6A3-730359F6F799}.Release|x86.Build.0 = Release|Win32
		{D58D8E28-296C-405A-B295-AD13C577D5AE}.Debug|Any CPU.ActiveCfg = Debug|Any CPU
		{D58D8E28-296C-405A-B295-AD13C577D5AE}.Debug|Any CPU.Build.0 = Debug|Any CPU
		{D58D8E28-296C-405A-B295-AD13C577D5AE}.Debug|x64.ActiveCfg = Debug|x64
		{D58D8E28-296C-405A-B295-AD13C577D5AE}.Debug|x64.Build.0 = Debug|x64
		{D58D8E28-296C-405A-B295-AD13C577D5AE}.Debug|x86.ActiveCfg = Debug|x86
		{D58D8E28-296C-405A-B295-AD13C577D5AE}.Debug|x86.Build.0 = Debug|x86
		{D58D8E28-296C-405A-B295-AD13C577D5AE}.Release|Any CPU.ActiveCfg = Release|Any CPU
		{D58D8E28-296C-405A-B295-AD13C577D5AE}.Release|Any CPU.Build.0 = Release|Any CPU
		{D58D8E28-296C-405A-B295-AD13C577D5AE}.Release|x64.ActiveCfg = Release|x64
		{D58D8E28-296C-405A-B295-AD13C577D5AE}.Release|x64.Build.0 = Release|x64
		{D58D8E28-296C-405A-B295-AD13C577D5AE}.Release|x86.ActiveCfg = Release|x86
		{D58D8E28-296C-405A-B295-AD13C577D5AE}.Release|x86.Build.0 = Release|x86
		{3F1B11AE-9A3D-4523-91FC-7457CAD687AB}.Debug|Any CPU.ActiveCfg = Debug|Any CPU
		{3F1B11AE-9A3D-4523-91FC-7457CAD687AB}.Debug|Any CPU.Build.0 = Debug|Any CPU
		{3F1B11AE-9A3D-4523-91FC-7457CAD687AB}.Debug|x64.ActiveCfg = Debug|x64
		{3F1B11AE-9A3D-4523-91FC-7457CAD687AB}.Debug|x64.Build.0 = Debug|x64
		{3F1B11AE-9A3D-4523-91FC-7457CAD687AB}.Debug|x86.ActiveCfg = Debug|x86
		{3F1B11AE-9A3D-4523-91FC-7457CAD687AB}.Debug|x86.Build.0 = Debug|x86
		{3F1B11AE-9A3D-4523-91FC-7457CAD687AB}.Release|Any CPU.ActiveCfg = Release|Any CPU
		{3F1B11AE-9A3D-4523-91FC-7457CAD687AB}.Release|Any CPU.Build.0 = Release|Any CPU
		{3F1B11AE-9A3D-4523-91FC-7457CAD687AB}.Release|x64.ActiveCfg = Release|x64
		{3F1B11AE-9A3D-4523-91FC-7457CAD687AB}.Release|x64.Build.0 = Release|x64
		{3F1B11AE-9A3D-4523-91FC-7457CAD687AB}.Release|x86.ActiveCfg = Release|x86
		{3F1B11AE-9A3D-4523-91FC-7457CAD687AB}.Release|x86.Build.0 = Release|x86
		{62B305BA-BD58-48D0-AD77-EF64F987CA5A}.Debug|Any CPU.ActiveCfg = Debug|Any CPU
		{62B305BA-BD58-48D0-AD77-EF64F987CA5A}.Debug|Any CPU.Build.0 = Debug|Any CPU
		{62B305BA-BD58-48D0-AD77-EF64F987CA5A}.Debug|x64.ActiveCfg = Debug|Any CPU
		{62B305BA-BD58-48D0-AD77-EF64F987CA5A}.Debug|x64.Build.0 = Debug|Any CPU
		{62B305BA-BD58-48D0-AD77-EF64F987CA5A}.Debug|x86.ActiveCfg = Debug|Any CPU
		{62B305BA-BD58-48D0-AD77-EF64F987CA5A}.Debug|x86.Build.0 = Debug|Any CPU
		{62B305BA-BD58-48D0-AD77-EF64F987CA5A}.Release|Any CPU.ActiveCfg = Release|Any CPU
		{62B305BA-BD58-48D0-AD77-EF64F987CA5A}.Release|Any CPU.Build.0 = Release|Any CPU
		{62B305BA-BD58-48D0-AD77-EF64F987CA5A}.Release|x64.ActiveCfg = Release|Any CPU
		{62B305BA-BD58-48D0-AD77-EF64F987CA5A}.Release|x64.Build.0 = Release|Any CPU
		{62B305BA-BD58-48D0-AD77-EF64F987CA5A}.Release|x86.ActiveCfg = Release|Any CPU
		{62B305BA-BD58-48D0-AD77-EF64F987CA5A}.Release|x86.Build.0 = Release|Any CPU
		{5FF4BAC3-D221-4023-9EE9-51C1F5C85D50}.Debug|Any CPU.ActiveCfg = Debug|x86
		{5FF4BAC3-D221-4023-9EE9-51C1F5C85D50}.Debug|x64.ActiveCfg = Debug|x64
		{5FF4BAC3-D221-4023-9EE9-51C1F5C85D50}.Debug|x64.Build.0 = Debug|x64
		{5FF4BAC3-D221-4023-9EE9-51C1F5C85D50}.Debug|x86.ActiveCfg = Debug|x86
		{5FF4BAC3-D221-4023-9EE9-51C1F5C85D50}.Debug|x86.Build.0 = Debug|x86
		{5FF4BAC3-D221-4023-9EE9-51C1F5C85D50}.Release|Any CPU.ActiveCfg = Release|x86
		{5FF4BAC3-D221-4023-9EE9-51C1F5C85D50}.Release|x64.ActiveCfg = Release|x64
		{5FF4BAC3-D221-4023-9EE9-51C1F5C85D50}.Release|x64.Build.0 = Release|x64
		{5FF4BAC3-D221-4023-9EE9-51C1F5C85D50}.Release|x86.ActiveCfg = Release|x86
		{5FF4BAC3-D221-4023-9EE9-51C1F5C85D50}.Release|x86.Build.0 = Release|x86
		{2F8DB172-D945-4551-B470-1835AB951EA3}.Debug|Any CPU.ActiveCfg = Debug|Any CPU
		{2F8DB172-D945-4551-B470-1835AB951EA3}.Debug|Any CPU.Build.0 = Debug|Any CPU
		{2F8DB172-D945-4551-B470-1835AB951EA3}.Debug|x64.ActiveCfg = Debug|x64
		{2F8DB172-D945-4551-B470-1835AB951EA3}.Debug|x64.Build.0 = Debug|x64
		{2F8DB172-D945-4551-B470-1835AB951EA3}.Debug|x86.ActiveCfg = Debug|x86
		{2F8DB172-D945-4551-B470-1835AB951EA3}.Debug|x86.Build.0 = Debug|x86
		{2F8DB172-D945-4551-B470-1835AB951EA3}.Release|Any CPU.ActiveCfg = Release|Any CPU
		{2F8DB172-D945-4551-B470-1835AB951EA3}.Release|Any CPU.Build.0 = Release|Any CPU
		{2F8DB172-D945-4551-B470-1835AB951EA3}.Release|x64.ActiveCfg = Release|x64
		{2F8DB172-D945-4551-B470-1835AB951EA3}.Release|x64.Build.0 = Release|x64
		{2F8DB172-D945-4551-B470-1835AB951EA3}.Release|x86.ActiveCfg = Release|x86
		{2F8DB172-D945-4551-B470-1835AB951EA3}.Release|x86.Build.0 = Release|x86
		{52271447-963C-4CCA-8495-875AA61125CE}.Debug|Any CPU.ActiveCfg = Debug|Any CPU
		{52271447-963C-4CCA-8495-875AA61125CE}.Debug|Any CPU.Build.0 = Debug|Any CPU
		{52271447-963C-4CCA-8495-875AA61125CE}.Debug|x64.ActiveCfg = Debug|x64
		{52271447-963C-4CCA-8495-875AA61125CE}.Debug|x64.Build.0 = Debug|x64
		{52271447-963C-4CCA-8495-875AA61125CE}.Debug|x86.ActiveCfg = Debug|x86
		{52271447-963C-4CCA-8495-875AA61125CE}.Debug|x86.Build.0 = Debug|x86
		{52271447-963C-4CCA-8495-875AA61125CE}.Release|Any CPU.ActiveCfg = Release|Any CPU
		{52271447-963C-4CCA-8495-875AA61125CE}.Release|Any CPU.Build.0 = Release|Any CPU
		{52271447-963C-4CCA-8495-875AA61125CE}.Release|x64.ActiveCfg = Release|x64
		{52271447-963C-4CCA-8495-875AA61125CE}.Release|x64.Build.0 = Release|x64
		{52271447-963C-4CCA-8495-875AA61125CE}.Release|x86.ActiveCfg = Release|x86
		{52271447-963C-4CCA-8495-875AA61125CE}.Release|x86.Build.0 = Release|x86
	EndGlobalSection
	GlobalSection(SolutionProperties) = preSolution
		HideSolutionNode = FALSE
	EndGlobalSection
	GlobalSection(NestedProjects) = preSolution
		{D829FA54-0380-43EF-9E49-73ADDB653019} = {6A79058E-0BFB-4347-B961-311DFB6E954A}
		{38474EC2-C374-455B-B343-BF90370C9660} = {6A79058E-0BFB-4347-B961-311DFB6E954A}
		{99B3F7F9-3A63-4CF1-B6A3-730359F6F799} = {6A79058E-0BFB-4347-B961-311DFB6E954A}
		{D58D8E28-296C-405A-B295-AD13C577D5AE} = {6A79058E-0BFB-4347-B961-311DFB6E954A}
		{3F1B11AE-9A3D-4523-91FC-7457CAD687AB} = {6A79058E-0BFB-4347-B961-311DFB6E954A}
		{62B305BA-BD58-48D0-AD77-EF64F987CA5A} = {6A79058E-0BFB-4347-B961-311DFB6E954A}
		{5FF4BAC3-D221-4023-9EE9-51C1F5C85D50} = {6A79058E-0BFB-4347-B961-311DFB6E954A}
		{2F8DB172-D945-4551-B470-1835AB951EA3} = {6A79058E-0BFB-4347-B961-311DFB6E954A}
		{52271447-963C-4CCA-8495-875AA61125CE} = {6A79058E-0BFB-4347-B961-311DFB6E954A}
	EndGlobalSection
	GlobalSection(ExtensibilityGlobals) = postSolution
		SolutionGuid = {FE3C538C-1CF2-4C02-A992-A44BFD5D4C29}
	EndGlobalSection
EndGlobal
